
Microsoft Visual Studio Solution File, Format Version 12.00
# Visual Studio Version 17
VisualStudioVersion = 17.0.32014.148
MinimumVisualStudioVersion = 10.0.40219.1
Project("{8BC9CEB8-8B4A-11D0-8D11-00A0C91BC942}") = "SandBox", "SandBox\SandBox.vcxproj", "{EF370449-4B83-4A5E-A35E-7285CEDF75CA}"
EndProject
Project("{8BC9CEB8-8B4A-11D0-8D11-00A0C91BC942}") = "Dawn", "Dawn\Dawn.vcxproj", "{D3395B3F-CD83-4DD9-950E-BD096AD0469A}"
EndProject
Global
	GlobalSection(SolutionConfigurationPlatforms) = preSolution
		Debug|x64 = Debug|x64
		Release|x64 = Release|x64
	EndGlobalSection
	GlobalSection(ProjectConfigurationPlatforms) = postSolution
		{D3395B3F-CD83-4DD9-950E-BD096AD0469A}.Debug|x64.ActiveCfg = Debug|x64
		{D3395B3F-CD83-4DD9-950E-BD096AD0469A}.Debug|x64.Build.0 = Debug|x64
		{D3395B3F-CD83-4DD9-950E-BD096AD0469A}.Release|x64.ActiveCfg = Release|x64
		{D3395B3F-CD83-4DD9-950E-BD096AD0469A}.Release|x64.Build.0 = Release|x64
		{EF370449-4B83-4A5E-A35E-7285CEDF75CA}.Debug|x64.ActiveCfg = Debug|x64
		{EF370449-4B83-4A5E-A35E-7285CEDF75CA}.Debug|x64.Build.0 = Debug|x64
		{EF370449-4B83-4A5E-A35E-7285CEDF75CA}.Release|x64.ActiveCfg = Release|x64
		{EF370449-4B83-4A5E-A35E-7285CEDF75CA}.Release|x64.Build.0 = Release|x64
	EndGlobalSection
	GlobalSection(SolutionProperties) = preSolution
		HideSolutionNode = FALSE
	EndGlobalSection
	GlobalSection(ExtensibilityGlobals) = postSolution
		SolutionGuid = {E91B151B-3ABC-4E4F-8B44-462A9B7B1620}
	EndGlobalSection
EndGlobal
